
Microsoft Visual Studio Solution File, Format Version 12.00
# Visual Studio Version 16
VisualStudioVersion = 16.0.28803.452
MinimumVisualStudioVersion = 10.0.40219.1
Project("{FAE04EC0-301F-11D3-BF4B-00C04F79EFBC}") = "FinaL", "FinaL\FinaL.csproj", "{4FDA1B57-28D1-4CD1-A1A3-D66BDB454B71}"
EndProject
Global
	GlobalSection(SolutionConfigurationPlatforms) = preSolution
		Debug|Any CPU = Debug|Any CPU
		Release|Any CPU = Release|Any CPU
	EndGlobalSection
	GlobalSection(ProjectConfigurationPlatforms) = postSolution
		{4FDA1B57-28D1-4CD1-A1A3-D66BDB454B71}.Debug|Any CPU.ActiveCfg = Debug|Any CPU
		{4FDA1B57-28D1-4CD1-A1A3-D66BDB454B71}.Debug|Any CPU.Build.0 = Debug|Any CPU
		{4FDA1B57-28D1-4CD1-A1A3-D66BDB454B71}.Release|Any CPU.ActiveCfg = Release|Any CPU
		{4FDA1B57-28D1-4CD1-A1A3-D66BDB454B71}.Release|Any CPU.Build.0 = Release|Any CPU
	EndGlobalSection
	GlobalSection(SolutionProperties) = preSolution
		HideSolutionNode = FALSE
	EndGlobalSection
	GlobalSection(ExtensibilityGlobals) = postSolution
		SolutionGuid = {3E2D447A-0701-4AD9-BB19-6F6134D230F7}
	EndGlobalSection
EndGlobal
